
Microsoft Visual Studio Solution File, Format Version 12.00
# Visual Studio Version 17
VisualStudioVersion = 17.10.35013.160
MinimumVisualStudioVersion = 10.0.40219.1
Project("{9A19103F-16F7-4668-BE54-9A1E7A4F7556}") = "Simpe_Array_Sum", "Simpe_Array_Sum\Simpe_Array_Sum.csproj", "{5C024038-FAF8-4461-9463-17E0E329F3C0}"
EndProject
Project("{9A19103F-16F7-4668-BE54-9A1E7A4F7556}") = "Compare_the_Triplets", "Compare_the_Triplets\Compare_the_Triplets.csproj", "{0B1EF214-9C57-407D-8492-B15BCC6D6424}"
EndProject
Project("{9A19103F-16F7-4668-BE54-9A1E7A4F7556}") = "aVeryBigSum", "aVeryBigSum\aVeryBigSum.csproj", "{C8B572B3-F742-41FC-A5D6-73BD46252AF8}"
EndProject
Project("{9A19103F-16F7-4668-BE54-9A1E7A4F7556}") = "Birthday_Cake_Candles", "Birthday_Cake_Candles\Birthday_Cake_Candles.csproj", "{DE36FFEB-5CD5-4E13-9E4F-9B5BA9750C1F}"
EndProject
Project("{9A19103F-16F7-4668-BE54-9A1E7A4F7556}") = "Time_Conversion", "Time_Conversion\Time_Conversion.csproj", "{08190360-0620-4D36-B317-6B208822ABE9}"
EndProject
Project("{9A19103F-16F7-4668-BE54-9A1E7A4F7556}") = "Apple_and_Orange", "Apple_and_Orange\Apple_and_Orange.csproj", "{C622C7CC-E145-4D22-B808-2EC0FA22F6C5}"
EndProject
Project("{9A19103F-16F7-4668-BE54-9A1E7A4F7556}") = "Diagonal_Difference", "Diagonal_Difference\Diagonal_Difference.csproj", "{AFFB78EF-DBC4-4A21-811F-3E54CB2506FC}"
EndProject
Project("{9A19103F-16F7-4668-BE54-9A1E7A4F7556}") = "Plus_Minus", "Plus_Minus\Plus_Minus.csproj", "{4080875B-6FCC-4B4C-B7A2-C12AB9393861}"
EndProject
Project("{9A19103F-16F7-4668-BE54-9A1E7A4F7556}") = "Staircase", "Staircase\Staircase.csproj", "{7233A924-5B14-4870-9E47-D5903650BAE4}"
EndProject
Project("{9A19103F-16F7-4668-BE54-9A1E7A4F7556}") = "Animal_Transport", "Animal_Transport\Animal_Transport.csproj", "{7622FC8C-4E20-4056-BFE8-C90A873AC353}"
EndProject
Project("{9A19103F-16F7-4668-BE54-9A1E7A4F7556}") = "Grading_Students", "Grading_Students\Grading_Students.csproj", "{8819989F-0F4D-4E3E-A425-F6D762A9611E}"
EndProject
Project("{9A19103F-16F7-4668-BE54-9A1E7A4F7556}") = "Number_Line_Jumps", "Number_Line_Jumps\Number_Line_Jumps.csproj", "{C16B2A79-8C6E-4A60-8BBD-68020801E7D0}"
EndProject
Project("{9A19103F-16F7-4668-BE54-9A1E7A4F7556}") = "Between_Two_Sets", "Between_Two_Sets\Between_Two_Sets.csproj", "{BECE2D22-16A6-47F8-9EEA-8A387AEBF0BD}"
EndProject
Project("{9A19103F-16F7-4668-BE54-9A1E7A4F7556}") = "Breaking_the_Records", "Breaking_the_Records\Breaking_the_Records.csproj", "{88F02CCB-6D7F-4478-9568-8C82DA5187BD}"
EndProject
Project("{9A19103F-16F7-4668-BE54-9A1E7A4F7556}") = "Subarray_Division", "Subarray_Division\Subarray_Division.csproj", "{FF7DB522-E6C9-4C6E-B84C-6E3CA7A7E27A}"
EndProject
Project("{9A19103F-16F7-4668-BE54-9A1E7A4F7556}") = "Divisible_Sum_Pairs", "Divisible_Sum_Pairs\Divisible_Sum_Pairs.csproj", "{0CF2E9C2-3098-493F-980B-87C9D236C133}"
EndProject
Project("{9A19103F-16F7-4668-BE54-9A1E7A4F7556}") = "Sales_by_Match", "Sales_by_Match\Sales_by_Match.csproj", "{48CFA9E9-D343-4B5A-BDA7-6B3365E93733}"
EndProject
Project("{9A19103F-16F7-4668-BE54-9A1E7A4F7556}") = "Bill,_Division", "Bill,_Division\Bill,_Division.csproj", "{81550570-7458-49EF-A035-13760D7D5256}"
EndProject
Project("{9A19103F-16F7-4668-BE54-9A1E7A4F7556}") = "Drawing _Book", "Drawing _Book\Drawing _Book.csproj", "{75CB64FC-C4F8-4D40-8664-256BF0D1748D}"
EndProject
Project("{9A19103F-16F7-4668-BE54-9A1E7A4F7556}") = "Counting_Valleys", "Counting_Valleys\Counting_Valleys.csproj", "{8D337A3F-607B-407D-9728-EC04414B8FC6}"
EndProject
Project("{9A19103F-16F7-4668-BE54-9A1E7A4F7556}") = "Electronics_Shop", "Electronics_Shop\Electronics_Shop.csproj", "{9F52CD63-223A-4A0E-95DB-42A556DE1319}"
EndProject
Project("{9A19103F-16F7-4668-BE54-9A1E7A4F7556}") = "Picking_Numbers", "Picking_Numbers\Picking_Numbers.csproj", "{9D8ECB7F-0619-492C-B300-123371585825}"
EndProject
Project("{9A19103F-16F7-4668-BE54-9A1E7A4F7556}") = "Climbing_the_Leaderboard", "Climbing_the_Leaderboard\Climbing_the_Leaderboard.csproj", "{672C2D38-23A5-431F-9C7E-3DC9AFD679BF}"
EndProject
Project("{9A19103F-16F7-4668-BE54-9A1E7A4F7556}") = "Cats_and_a_Mouse", "Cats_and_a_Mouse\Cats_and_a_Mouse.csproj", "{5A8305A9-636C-4CBB-B46F-77BC17F6F8DD}"
EndProject
Project("{2150E333-8FDC-42A3-9474-1A3956D46DE8}") = "Easy", "Easy", "{04D27BB1-3CE7-4D11-9408-6766D07E9391}"
EndProject
Project("{9A19103F-16F7-4668-BE54-9A1E7A4F7556}") = "Designer_PDF_Viewer", "Designer_PDF_Viewer\Designer_PDF_Viewer.csproj", "{73AF7271-D299-431B-9EB1-55B578ACD210}"
EndProject
Project("{9A19103F-16F7-4668-BE54-9A1E7A4F7556}") = "Utopian_Tree", "Utopian_Tree\Utopian_Tree.csproj", "{1546EEDF-4C2B-4AD2-B3A9-6DE7C3AD9CBD}"
EndProject
Project("{9A19103F-16F7-4668-BE54-9A1E7A4F7556}") = "Migratory_Birds", "Migratory_Birds\Migratory_Birds.csproj", "{D0CE4E1A-424A-46F4-A0A2-707508353B38}"
EndProject
Project("{9A19103F-16F7-4668-BE54-9A1E7A4F7556}") = "The_Hurdle_Race", "The_Hurdle_Race\The_Hurdle_Race.csproj", "{DF0F6F55-5417-4BB7-92A6-1D071429DA9F}"
EndProject
Project("{9A19103F-16F7-4668-BE54-9A1E7A4F7556}") = "Angry_Professor", "Angry_Professor\Angry_Professor.csproj", "{B9839D52-1AAC-4D6E-87CE-D63ADA109DAB}"
EndProject
Project("{9A19103F-16F7-4668-BE54-9A1E7A4F7556}") = "Beautiful_Days_at_the_Movies", "Beautiful_Days_at_the_Movies\Beautiful_Days_at_the_Movies.csproj", "{F1FDA07A-D1D2-4BFD-9890-113EAF6C873E}"
EndProject
Project("{9A19103F-16F7-4668-BE54-9A1E7A4F7556}") = "Viral_Advertising", "Viral_Advertising\Viral_Advertising.csproj", "{530EF100-CC3E-428B-8E3C-869CE7E2F6D8}"
EndProject
Project("{9A19103F-16F7-4668-BE54-9A1E7A4F7556}") = "Save_the_Prisoner", "Save_the_Prisoner\Save_the_Prisoner.csproj", "{DF6377E3-7EC0-4CA3-8F6B-D4BCD64C08C3}"
EndProject
Project("{9A19103F-16F7-4668-BE54-9A1E7A4F7556}") = "Find_Digits", "Find_Digits\Find_Digits.csproj", "{DA51B1EF-F95A-4013-87B7-845DF419BFCA}"
EndProject
Project("{9A19103F-16F7-4668-BE54-9A1E7A4F7556}") = "Circular_Array_Rotation", "Circular_Array_Rotation\Circular_Array_Rotation.csproj", "{CB0936DB-77CB-4511-8857-B555C2B49797}"
EndProject
Project("{FAE04EC0-301F-11D3-BF4B-00C04F79EFBC}") = "Append_and_Delete", "Append_and_Delete\Append_and_Delete.csproj", "{05FA4C9D-D588-4BEA-816B-3FCF4F108277}"
EndProject
Global
	GlobalSection(SolutionConfigurationPlatforms) = preSolution
		Debug|Any CPU = Debug|Any CPU
		Release|Any CPU = Release|Any CPU
	EndGlobalSection
	GlobalSection(ProjectConfigurationPlatforms) = postSolution
		{5C024038-FAF8-4461-9463-17E0E329F3C0}.Debug|Any CPU.ActiveCfg = Debug|Any CPU
		{5C024038-FAF8-4461-9463-17E0E329F3C0}.Debug|Any CPU.Build.0 = Debug|Any CPU
		{5C024038-FAF8-4461-9463-17E0E329F3C0}.Release|Any CPU.ActiveCfg = Release|Any CPU
		{5C024038-FAF8-4461-9463-17E0E329F3C0}.Release|Any CPU.Build.0 = Release|Any CPU
		{0B1EF214-9C57-407D-8492-B15BCC6D6424}.Debug|Any CPU.ActiveCfg = Debug|Any CPU
		{0B1EF214-9C57-407D-8492-B15BCC6D6424}.Debug|Any CPU.Build.0 = Debug|Any CPU
		{0B1EF214-9C57-407D-8492-B15BCC6D6424}.Release|Any CPU.ActiveCfg = Release|Any CPU
		{0B1EF214-9C57-407D-8492-B15BCC6D6424}.Release|Any CPU.Build.0 = Release|Any CPU
		{C8B572B3-F742-41FC-A5D6-73BD46252AF8}.Debug|Any CPU.ActiveCfg = Debug|Any CPU
		{C8B572B3-F742-41FC-A5D6-73BD46252AF8}.Debug|Any CPU.Build.0 = Debug|Any CPU
		{C8B572B3-F742-41FC-A5D6-73BD46252AF8}.Release|Any CPU.ActiveCfg = Release|Any CPU
		{C8B572B3-F742-41FC-A5D6-73BD46252AF8}.Release|Any CPU.Build.0 = Release|Any CPU
		{DE36FFEB-5CD5-4E13-9E4F-9B5BA9750C1F}.Debug|Any CPU.ActiveCfg = Debug|Any CPU
		{DE36FFEB-5CD5-4E13-9E4F-9B5BA9750C1F}.Debug|Any CPU.Build.0 = Debug|Any CPU
		{DE36FFEB-5CD5-4E13-9E4F-9B5BA9750C1F}.Release|Any CPU.ActiveCfg = Release|Any CPU
		{DE36FFEB-5CD5-4E13-9E4F-9B5BA9750C1F}.Release|Any CPU.Build.0 = Release|Any CPU
		{08190360-0620-4D36-B317-6B208822ABE9}.Debug|Any CPU.ActiveCfg = Debug|Any CPU
		{08190360-0620-4D36-B317-6B208822ABE9}.Debug|Any CPU.Build.0 = Debug|Any CPU
		{08190360-0620-4D36-B317-6B208822ABE9}.Release|Any CPU.ActiveCfg = Release|Any CPU
		{08190360-0620-4D36-B317-6B208822ABE9}.Release|Any CPU.Build.0 = Release|Any CPU
		{C622C7CC-E145-4D22-B808-2EC0FA22F6C5}.Debug|Any CPU.ActiveCfg = Debug|Any CPU
		{C622C7CC-E145-4D22-B808-2EC0FA22F6C5}.Debug|Any CPU.Build.0 = Debug|Any CPU
		{C622C7CC-E145-4D22-B808-2EC0FA22F6C5}.Release|Any CPU.ActiveCfg = Release|Any CPU
		{C622C7CC-E145-4D22-B808-2EC0FA22F6C5}.Release|Any CPU.Build.0 = Release|Any CPU
		{AFFB78EF-DBC4-4A21-811F-3E54CB2506FC}.Debug|Any CPU.ActiveCfg = Debug|Any CPU
		{AFFB78EF-DBC4-4A21-811F-3E54CB2506FC}.Debug|Any CPU.Build.0 = Debug|Any CPU
		{AFFB78EF-DBC4-4A21-811F-3E54CB2506FC}.Release|Any CPU.ActiveCfg = Release|Any CPU
		{AFFB78EF-DBC4-4A21-811F-3E54CB2506FC}.Release|Any CPU.Build.0 = Release|Any CPU
		{4080875B-6FCC-4B4C-B7A2-C12AB9393861}.Debug|Any CPU.ActiveCfg = Debug|Any CPU
		{4080875B-6FCC-4B4C-B7A2-C12AB9393861}.Debug|Any CPU.Build.0 = Debug|Any CPU
		{4080875B-6FCC-4B4C-B7A2-C12AB9393861}.Release|Any CPU.ActiveCfg = Release|Any CPU
		{4080875B-6FCC-4B4C-B7A2-C12AB9393861}.Release|Any CPU.Build.0 = Release|Any CPU
		{7233A924-5B14-4870-9E47-D5903650BAE4}.Debug|Any CPU.ActiveCfg = Debug|Any CPU
		{7233A924-5B14-4870-9E47-D5903650BAE4}.Debug|Any CPU.Build.0 = Debug|Any CPU
		{7233A924-5B14-4870-9E47-D5903650BAE4}.Release|Any CPU.ActiveCfg = Release|Any CPU
		{7233A924-5B14-4870-9E47-D5903650BAE4}.Release|Any CPU.Build.0 = Release|Any CPU
		{7622FC8C-4E20-4056-BFE8-C90A873AC353}.Debug|Any CPU.ActiveCfg = Debug|Any CPU
		{7622FC8C-4E20-4056-BFE8-C90A873AC353}.Debug|Any CPU.Build.0 = Debug|Any CPU
		{7622FC8C-4E20-4056-BFE8-C90A873AC353}.Release|Any CPU.ActiveCfg = Release|Any CPU
		{7622FC8C-4E20-4056-BFE8-C90A873AC353}.Release|Any CPU.Build.0 = Release|Any CPU
		{8819989F-0F4D-4E3E-A425-F6D762A9611E}.Debug|Any CPU.ActiveCfg = Debug|Any CPU
		{8819989F-0F4D-4E3E-A425-F6D762A9611E}.Debug|Any CPU.Build.0 = Debug|Any CPU
		{8819989F-0F4D-4E3E-A425-F6D762A9611E}.Release|Any CPU.ActiveCfg = Release|Any CPU
		{8819989F-0F4D-4E3E-A425-F6D762A9611E}.Release|Any CPU.Build.0 = Release|Any CPU
		{C16B2A79-8C6E-4A60-8BBD-68020801E7D0}.Debug|Any CPU.ActiveCfg = Debug|Any CPU
		{C16B2A79-8C6E-4A60-8BBD-68020801E7D0}.Debug|Any CPU.Build.0 = Debug|Any CPU
		{C16B2A79-8C6E-4A60-8BBD-68020801E7D0}.Release|Any CPU.ActiveCfg = Release|Any CPU
		{C16B2A79-8C6E-4A60-8BBD-68020801E7D0}.Release|Any CPU.Build.0 = Release|Any CPU
		{BECE2D22-16A6-47F8-9EEA-8A387AEBF0BD}.Debug|Any CPU.ActiveCfg = Debug|Any CPU
		{BECE2D22-16A6-47F8-9EEA-8A387AEBF0BD}.Debug|Any CPU.Build.0 = Debug|Any CPU
		{BECE2D22-16A6-47F8-9EEA-8A387AEBF0BD}.Release|Any CPU.ActiveCfg = Release|Any CPU
		{BECE2D22-16A6-47F8-9EEA-8A387AEBF0BD}.Release|Any CPU.Build.0 = Release|Any CPU
		{88F02CCB-6D7F-4478-9568-8C82DA5187BD}.Debug|Any CPU.ActiveCfg = Debug|Any CPU
		{88F02CCB-6D7F-4478-9568-8C82DA5187BD}.Debug|Any CPU.Build.0 = Debug|Any CPU
		{88F02CCB-6D7F-4478-9568-8C82DA5187BD}.Release|Any CPU.ActiveCfg = Release|Any CPU
		{88F02CCB-6D7F-4478-9568-8C82DA5187BD}.Release|Any CPU.Build.0 = Release|Any CPU
		{FF7DB522-E6C9-4C6E-B84C-6E3CA7A7E27A}.Debug|Any CPU.ActiveCfg = Debug|Any CPU
		{FF7DB522-E6C9-4C6E-B84C-6E3CA7A7E27A}.Debug|Any CPU.Build.0 = Debug|Any CPU
		{FF7DB522-E6C9-4C6E-B84C-6E3CA7A7E27A}.Release|Any CPU.ActiveCfg = Release|Any CPU
		{FF7DB522-E6C9-4C6E-B84C-6E3CA7A7E27A}.Release|Any CPU.Build.0 = Release|Any CPU
		{0CF2E9C2-3098-493F-980B-87C9D236C133}.Debug|Any CPU.ActiveCfg = Debug|Any CPU
		{0CF2E9C2-3098-493F-980B-87C9D236C133}.Debug|Any CPU.Build.0 = Debug|Any CPU
		{0CF2E9C2-3098-493F-980B-87C9D236C133}.Release|Any CPU.ActiveCfg = Release|Any CPU
		{0CF2E9C2-3098-493F-980B-87C9D236C133}.Release|Any CPU.Build.0 = Release|Any CPU
		{48CFA9E9-D343-4B5A-BDA7-6B3365E93733}.Debug|Any CPU.ActiveCfg = Debug|Any CPU
		{48CFA9E9-D343-4B5A-BDA7-6B3365E93733}.Debug|Any CPU.Build.0 = Debug|Any CPU
		{48CFA9E9-D343-4B5A-BDA7-6B3365E93733}.Release|Any CPU.ActiveCfg = Release|Any CPU
		{48CFA9E9-D343-4B5A-BDA7-6B3365E93733}.Release|Any CPU.Build.0 = Release|Any CPU
		{81550570-7458-49EF-A035-13760D7D5256}.Debug|Any CPU.ActiveCfg = Debug|Any CPU
		{81550570-7458-49EF-A035-13760D7D5256}.Debug|Any CPU.Build.0 = Debug|Any CPU
		{81550570-7458-49EF-A035-13760D7D5256}.Release|Any CPU.ActiveCfg = Release|Any CPU
		{81550570-7458-49EF-A035-13760D7D5256}.Release|Any CPU.Build.0 = Release|Any CPU
		{75CB64FC-C4F8-4D40-8664-256BF0D1748D}.Debug|Any CPU.ActiveCfg = Debug|Any CPU
		{75CB64FC-C4F8-4D40-8664-256BF0D1748D}.Debug|Any CPU.Build.0 = Debug|Any CPU
		{75CB64FC-C4F8-4D40-8664-256BF0D1748D}.Release|Any CPU.ActiveCfg = Release|Any CPU
		{75CB64FC-C4F8-4D40-8664-256BF0D1748D}.Release|Any CPU.Build.0 = Release|Any CPU
		{8D337A3F-607B-407D-9728-EC04414B8FC6}.Debug|Any CPU.ActiveCfg = Debug|Any CPU
		{8D337A3F-607B-407D-9728-EC04414B8FC6}.Debug|Any CPU.Build.0 = Debug|Any CPU
		{8D337A3F-607B-407D-9728-EC04414B8FC6}.Release|Any CPU.ActiveCfg = Release|Any CPU
		{8D337A3F-607B-407D-9728-EC04414B8FC6}.Release|Any CPU.Build.0 = Release|Any CPU
		{9F52CD63-223A-4A0E-95DB-42A556DE1319}.Debug|Any CPU.ActiveCfg = Debug|Any CPU
		{9F52CD63-223A-4A0E-95DB-42A556DE1319}.Debug|Any CPU.Build.0 = Debug|Any CPU
		{9F52CD63-223A-4A0E-95DB-42A556DE1319}.Release|Any CPU.ActiveCfg = Release|Any CPU
		{9F52CD63-223A-4A0E-95DB-42A556DE1319}.Release|Any CPU.Build.0 = Release|Any CPU
		{9D8ECB7F-0619-492C-B300-123371585825}.Debug|Any CPU.ActiveCfg = Debug|Any CPU
		{9D8ECB7F-0619-492C-B300-123371585825}.Debug|Any CPU.Build.0 = Debug|Any CPU
		{9D8ECB7F-0619-492C-B300-123371585825}.Release|Any CPU.ActiveCfg = Release|Any CPU
		{9D8ECB7F-0619-492C-B300-123371585825}.Release|Any CPU.Build.0 = Release|Any CPU
		{672C2D38-23A5-431F-9C7E-3DC9AFD679BF}.Debug|Any CPU.ActiveCfg = Debug|Any CPU
		{672C2D38-23A5-431F-9C7E-3DC9AFD679BF}.Debug|Any CPU.Build.0 = Debug|Any CPU
		{672C2D38-23A5-431F-9C7E-3DC9AFD679BF}.Release|Any CPU.ActiveCfg = Release|Any CPU
		{672C2D38-23A5-431F-9C7E-3DC9AFD679BF}.Release|Any CPU.Build.0 = Release|Any CPU
		{5A8305A9-636C-4CBB-B46F-77BC17F6F8DD}.Debug|Any CPU.ActiveCfg = Debug|Any CPU
		{5A8305A9-636C-4CBB-B46F-77BC17F6F8DD}.Debug|Any CPU.Build.0 = Debug|Any CPU
		{5A8305A9-636C-4CBB-B46F-77BC17F6F8DD}.Release|Any CPU.ActiveCfg = Release|Any CPU
		{5A8305A9-636C-4CBB-B46F-77BC17F6F8DD}.Release|Any CPU.Build.0 = Release|Any CPU
		{73AF7271-D299-431B-9EB1-55B578ACD210}.Debug|Any CPU.ActiveCfg = Debug|Any CPU
		{73AF7271-D299-431B-9EB1-55B578ACD210}.Debug|Any CPU.Build.0 = Debug|Any CPU
		{73AF7271-D299-431B-9EB1-55B578ACD210}.Release|Any CPU.ActiveCfg = Release|Any CPU
		{73AF7271-D299-431B-9EB1-55B578ACD210}.Release|Any CPU.Build.0 = Release|Any CPU
		{1546EEDF-4C2B-4AD2-B3A9-6DE7C3AD9CBD}.Debug|Any CPU.ActiveCfg = Debug|Any CPU
		{1546EEDF-4C2B-4AD2-B3A9-6DE7C3AD9CBD}.Debug|Any CPU.Build.0 = Debug|Any CPU
		{1546EEDF-4C2B-4AD2-B3A9-6DE7C3AD9CBD}.Release|Any CPU.ActiveCfg = Release|Any CPU
		{1546EEDF-4C2B-4AD2-B3A9-6DE7C3AD9CBD}.Release|Any CPU.Build.0 = Release|Any CPU
		{D0CE4E1A-424A-46F4-A0A2-707508353B38}.Debug|Any CPU.ActiveCfg = Debug|Any CPU
		{D0CE4E1A-424A-46F4-A0A2-707508353B38}.Debug|Any CPU.Build.0 = Debug|Any CPU
		{D0CE4E1A-424A-46F4-A0A2-707508353B38}.Release|Any CPU.ActiveCfg = Release|Any CPU
		{D0CE4E1A-424A-46F4-A0A2-707508353B38}.Release|Any CPU.Build.0 = Release|Any CPU
		{DF0F6F55-5417-4BB7-92A6-1D071429DA9F}.Debug|Any CPU.ActiveCfg = Debug|Any CPU
		{DF0F6F55-5417-4BB7-92A6-1D071429DA9F}.Debug|Any CPU.Build.0 = Debug|Any CPU
		{DF0F6F55-5417-4BB7-92A6-1D071429DA9F}.Release|Any CPU.ActiveCfg = Release|Any CPU
		{DF0F6F55-5417-4BB7-92A6-1D071429DA9F}.Release|Any CPU.Build.0 = Release|Any CPU
		{B9839D52-1AAC-4D6E-87CE-D63ADA109DAB}.Debug|Any CPU.ActiveCfg = Debug|Any CPU
		{B9839D52-1AAC-4D6E-87CE-D63ADA109DAB}.Debug|Any CPU.Build.0 = Debug|Any CPU
		{B9839D52-1AAC-4D6E-87CE-D63ADA109DAB}.Release|Any CPU.ActiveCfg = Release|Any CPU
		{B9839D52-1AAC-4D6E-87CE-D63ADA109DAB}.Release|Any CPU.Build.0 = Release|Any CPU
		{F1FDA07A-D1D2-4BFD-9890-113EAF6C873E}.Debug|Any CPU.ActiveCfg = Debug|Any CPU
		{F1FDA07A-D1D2-4BFD-9890-113EAF6C873E}.Debug|Any CPU.Build.0 = Debug|Any CPU
		{F1FDA07A-D1D2-4BFD-9890-113EAF6C873E}.Release|Any CPU.ActiveCfg = Release|Any CPU
		{F1FDA07A-D1D2-4BFD-9890-113EAF6C873E}.Release|Any CPU.Build.0 = Release|Any CPU
		{530EF100-CC3E-428B-8E3C-869CE7E2F6D8}.Debug|Any CPU.ActiveCfg = Debug|Any CPU
		{530EF100-CC3E-428B-8E3C-869CE7E2F6D8}.Debug|Any CPU.Build.0 = Debug|Any CPU
		{530EF100-CC3E-428B-8E3C-869CE7E2F6D8}.Release|Any CPU.ActiveCfg = Release|Any CPU
		{530EF100-CC3E-428B-8E3C-869CE7E2F6D8}.Release|Any CPU.Build.0 = Release|Any CPU
		{DF6377E3-7EC0-4CA3-8F6B-D4BCD64C08C3}.Debug|Any CPU.ActiveCfg = Debug|Any CPU
		{DF6377E3-7EC0-4CA3-8F6B-D4BCD64C08C3}.Debug|Any CPU.Build.0 = Debug|Any CPU
		{DF6377E3-7EC0-4CA3-8F6B-D4BCD64C08C3}.Release|Any CPU.ActiveCfg = Release|Any CPU
		{DF6377E3-7EC0-4CA3-8F6B-D4BCD64C08C3}.Release|Any CPU.Build.0 = Release|Any CPU
		{DA51B1EF-F95A-4013-87B7-845DF419BFCA}.Debug|Any CPU.ActiveCfg = Debug|Any CPU
		{DA51B1EF-F95A-4013-87B7-845DF419BFCA}.Debug|Any CPU.Build.0 = Debug|Any CPU
		{DA51B1EF-F95A-4013-87B7-845DF419BFCA}.Release|Any CPU.ActiveCfg = Release|Any CPU
		{DA51B1EF-F95A-4013-87B7-845DF419BFCA}.Release|Any CPU.Build.0 = Release|Any CPU
		{CB0936DB-77CB-4511-8857-B555C2B49797}.Debug|Any CPU.ActiveCfg = Debug|Any CPU
		{CB0936DB-77CB-4511-8857-B555C2B49797}.Debug|Any CPU.Build.0 = Debug|Any CPU
		{CB0936DB-77CB-4511-8857-B555C2B49797}.Release|Any CPU.ActiveCfg = Release|Any CPU
		{CB0936DB-77CB-4511-8857-B555C2B49797}.Release|Any CPU.Build.0 = Release|Any CPU
		{05FA4C9D-D588-4BEA-816B-3FCF4F108277}.Debug|Any CPU.ActiveCfg = Debug|Any CPU
		{05FA4C9D-D588-4BEA-816B-3FCF4F108277}.Debug|Any CPU.Build.0 = Debug|Any CPU
		{05FA4C9D-D588-4BEA-816B-3FCF4F108277}.Release|Any CPU.ActiveCfg = Release|Any CPU
		{05FA4C9D-D588-4BEA-816B-3FCF4F108277}.Release|Any CPU.Build.0 = Release|Any CPU
	EndGlobalSection
	GlobalSection(SolutionProperties) = preSolution
		HideSolutionNode = FALSE
	EndGlobalSection
	GlobalSection(NestedProjects) = preSolution
		{5C024038-FAF8-4461-9463-17E0E329F3C0} = {04D27BB1-3CE7-4D11-9408-6766D07E9391}
		{0B1EF214-9C57-407D-8492-B15BCC6D6424} = {04D27BB1-3CE7-4D11-9408-6766D07E9391}
		{C8B572B3-F742-41FC-A5D6-73BD46252AF8} = {04D27BB1-3CE7-4D11-9408-6766D07E9391}
		{DE36FFEB-5CD5-4E13-9E4F-9B5BA9750C1F} = {04D27BB1-3CE7-4D11-9408-6766D07E9391}
		{08190360-0620-4D36-B317-6B208822ABE9} = {04D27BB1-3CE7-4D11-9408-6766D07E9391}
		{C622C7CC-E145-4D22-B808-2EC0FA22F6C5} = {04D27BB1-3CE7-4D11-9408-6766D07E9391}
		{AFFB78EF-DBC4-4A21-811F-3E54CB2506FC} = {04D27BB1-3CE7-4D11-9408-6766D07E9391}
		{4080875B-6FCC-4B4C-B7A2-C12AB9393861} = {04D27BB1-3CE7-4D11-9408-6766D07E9391}
		{7233A924-5B14-4870-9E47-D5903650BAE4} = {04D27BB1-3CE7-4D11-9408-6766D07E9391}
		{7622FC8C-4E20-4056-BFE8-C90A873AC353} = {04D27BB1-3CE7-4D11-9408-6766D07E9391}
		{8819989F-0F4D-4E3E-A425-F6D762A9611E} = {04D27BB1-3CE7-4D11-9408-6766D07E9391}
		{C16B2A79-8C6E-4A60-8BBD-68020801E7D0} = {04D27BB1-3CE7-4D11-9408-6766D07E9391}
		{BECE2D22-16A6-47F8-9EEA-8A387AEBF0BD} = {04D27BB1-3CE7-4D11-9408-6766D07E9391}
		{88F02CCB-6D7F-4478-9568-8C82DA5187BD} = {04D27BB1-3CE7-4D11-9408-6766D07E9391}
		{FF7DB522-E6C9-4C6E-B84C-6E3CA7A7E27A} = {04D27BB1-3CE7-4D11-9408-6766D07E9391}
		{0CF2E9C2-3098-493F-980B-87C9D236C133} = {04D27BB1-3CE7-4D11-9408-6766D07E9391}
		{48CFA9E9-D343-4B5A-BDA7-6B3365E93733} = {04D27BB1-3CE7-4D11-9408-6766D07E9391}
		{81550570-7458-49EF-A035-13760D7D5256} = {04D27BB1-3CE7-4D11-9408-6766D07E9391}
		{75CB64FC-C4F8-4D40-8664-256BF0D1748D} = {04D27BB1-3CE7-4D11-9408-6766D07E9391}
		{8D337A3F-607B-407D-9728-EC04414B8FC6} = {04D27BB1-3CE7-4D11-9408-6766D07E9391}
		{9F52CD63-223A-4A0E-95DB-42A556DE1319} = {04D27BB1-3CE7-4D11-9408-6766D07E9391}
		{9D8ECB7F-0619-492C-B300-123371585825} = {04D27BB1-3CE7-4D11-9408-6766D07E9391}
		{672C2D38-23A5-431F-9C7E-3DC9AFD679BF} = {04D27BB1-3CE7-4D11-9408-6766D07E9391}
		{5A8305A9-636C-4CBB-B46F-77BC17F6F8DD} = {04D27BB1-3CE7-4D11-9408-6766D07E9391}
		{73AF7271-D299-431B-9EB1-55B578ACD210} = {04D27BB1-3CE7-4D11-9408-6766D07E9391}
		{1546EEDF-4C2B-4AD2-B3A9-6DE7C3AD9CBD} = {04D27BB1-3CE7-4D11-9408-6766D07E9391}
		{D0CE4E1A-424A-46F4-A0A2-707508353B38} = {04D27BB1-3CE7-4D11-9408-6766D07E9391}
		{DF0F6F55-5417-4BB7-92A6-1D071429DA9F} = {04D27BB1-3CE7-4D11-9408-6766D07E9391}
		{B9839D52-1AAC-4D6E-87CE-D63ADA109DAB} = {04D27BB1-3CE7-4D11-9408-6766D07E9391}
		{F1FDA07A-D1D2-4BFD-9890-113EAF6C873E} = {04D27BB1-3CE7-4D11-9408-6766D07E9391}
		{530EF100-CC3E-428B-8E3C-869CE7E2F6D8} = {04D27BB1-3CE7-4D11-9408-6766D07E9391}
		{DF6377E3-7EC0-4CA3-8F6B-D4BCD64C08C3} = {04D27BB1-3CE7-4D11-9408-6766D07E9391}
		{DA51B1EF-F95A-4013-87B7-845DF419BFCA} = {04D27BB1-3CE7-4D11-9408-6766D07E9391}
		{CB0936DB-77CB-4511-8857-B555C2B49797} = {04D27BB1-3CE7-4D11-9408-6766D07E9391}
		{05FA4C9D-D588-4BEA-816B-3FCF4F108277} = {04D27BB1-3CE7-4D11-9408-6766D07E9391}
	EndGlobalSection
	GlobalSection(ExtensibilityGlobals) = postSolution
		SolutionGuid = {BACA79AE-878D-4B0D-8166-6889AAF3DAF6}
	EndGlobalSection
EndGlobal
