
Microsoft Visual Studio Solution File, Format Version 12.00
# Visual Studio Version 17
VisualStudioVersion = 17.10.35013.160
MinimumVisualStudioVersion = 10.0.40219.1
Project("{9A19103F-16F7-4668-BE54-9A1E7A4F7556}") = "Simpe_Array_Sum", "Simpe_Array_Sum\Simpe_Array_Sum.csproj", "{5C024038-FAF8-4461-9463-17E0E329F3C0}"
EndProject
Project("{9A19103F-16F7-4668-BE54-9A1E7A4F7556}") = "Compare_the_Triplets", "Compare_the_Triplets\Compare_the_Triplets.csproj", "{0B1EF214-9C57-407D-8492-B15BCC6D6424}"
EndProject
Project("{9A19103F-16F7-4668-BE54-9A1E7A4F7556}") = "aVeryBigSum", "aVeryBigSum\aVeryBigSum.csproj", "{C8B572B3-F742-41FC-A5D6-73BD46252AF8}"
EndProject
Project("{9A19103F-16F7-4668-BE54-9A1E7A4F7556}") = "Birthday_Cake_Candles", "Birthday_Cake_Candles\Birthday_Cake_Candles.csproj", "{DE36FFEB-5CD5-4E13-9E4F-9B5BA9750C1F}"
EndProject
Project("{9A19103F-16F7-4668-BE54-9A1E7A4F7556}") = "Time_Conversion", "Time_Conversion\Time_Conversion.csproj", "{08190360-0620-4D36-B317-6B208822ABE9}"
EndProject
Project("{9A19103F-16F7-4668-BE54-9A1E7A4F7556}") = "Apple_and_Orange", "Apple_and_Orange\Apple_and_Orange.csproj", "{C622C7CC-E145-4D22-B808-2EC0FA22F6C5}"
EndProject
Project("{9A19103F-16F7-4668-BE54-9A1E7A4F7556}") = "Diagonal_Difference", "Diagonal_Difference\Diagonal_Difference.csproj", "{AFFB78EF-DBC4-4A21-811F-3E54CB2506FC}"
EndProject
Project("{9A19103F-16F7-4668-BE54-9A1E7A4F7556}") = "Plus_Minus", "Plus_Minus\Plus_Minus.csproj", "{4080875B-6FCC-4B4C-B7A2-C12AB9393861}"
EndProject
Project("{FAE04EC0-301F-11D3-BF4B-00C04F79EFBC}") = "Staircase", "Staircase\Staircase.csproj", "{7233A924-5B14-4870-9E47-D5903650BAE4}"
EndProject
Global
	GlobalSection(SolutionConfigurationPlatforms) = preSolution
		Debug|Any CPU = Debug|Any CPU
		Release|Any CPU = Release|Any CPU
	EndGlobalSection
	GlobalSection(ProjectConfigurationPlatforms) = postSolution
		{5C024038-FAF8-4461-9463-17E0E329F3C0}.Debug|Any CPU.ActiveCfg = Debug|Any CPU
		{5C024038-FAF8-4461-9463-17E0E329F3C0}.Debug|Any CPU.Build.0 = Debug|Any CPU
		{5C024038-FAF8-4461-9463-17E0E329F3C0}.Release|Any CPU.ActiveCfg = Release|Any CPU
		{5C024038-FAF8-4461-9463-17E0E329F3C0}.Release|Any CPU.Build.0 = Release|Any CPU
		{0B1EF214-9C57-407D-8492-B15BCC6D6424}.Debug|Any CPU.ActiveCfg = Debug|Any CPU
		{0B1EF214-9C57-407D-8492-B15BCC6D6424}.Debug|Any CPU.Build.0 = Debug|Any CPU
		{0B1EF214-9C57-407D-8492-B15BCC6D6424}.Release|Any CPU.ActiveCfg = Release|Any CPU
		{0B1EF214-9C57-407D-8492-B15BCC6D6424}.Release|Any CPU.Build.0 = Release|Any CPU
		{C8B572B3-F742-41FC-A5D6-73BD46252AF8}.Debug|Any CPU.ActiveCfg = Debug|Any CPU
		{C8B572B3-F742-41FC-A5D6-73BD46252AF8}.Debug|Any CPU.Build.0 = Debug|Any CPU
		{C8B572B3-F742-41FC-A5D6-73BD46252AF8}.Release|Any CPU.ActiveCfg = Release|Any CPU
		{C8B572B3-F742-41FC-A5D6-73BD46252AF8}.Release|Any CPU.Build.0 = Release|Any CPU
		{DE36FFEB-5CD5-4E13-9E4F-9B5BA9750C1F}.Debug|Any CPU.ActiveCfg = Debug|Any CPU
		{DE36FFEB-5CD5-4E13-9E4F-9B5BA9750C1F}.Debug|Any CPU.Build.0 = Debug|Any CPU
		{DE36FFEB-5CD5-4E13-9E4F-9B5BA9750C1F}.Release|Any CPU.ActiveCfg = Release|Any CPU
		{DE36FFEB-5CD5-4E13-9E4F-9B5BA9750C1F}.Release|Any CPU.Build.0 = Release|Any CPU
		{08190360-0620-4D36-B317-6B208822ABE9}.Debug|Any CPU.ActiveCfg = Debug|Any CPU
		{08190360-0620-4D36-B317-6B208822ABE9}.Debug|Any CPU.Build.0 = Debug|Any CPU
		{08190360-0620-4D36-B317-6B208822ABE9}.Release|Any CPU.ActiveCfg = Release|Any CPU
		{08190360-0620-4D36-B317-6B208822ABE9}.Release|Any CPU.Build.0 = Release|Any CPU
		{C622C7CC-E145-4D22-B808-2EC0FA22F6C5}.Debug|Any CPU.ActiveCfg = Debug|Any CPU
		{C622C7CC-E145-4D22-B808-2EC0FA22F6C5}.Debug|Any CPU.Build.0 = Debug|Any CPU
		{C622C7CC-E145-4D22-B808-2EC0FA22F6C5}.Release|Any CPU.ActiveCfg = Release|Any CPU
		{C622C7CC-E145-4D22-B808-2EC0FA22F6C5}.Release|Any CPU.Build.0 = Release|Any CPU
		{AFFB78EF-DBC4-4A21-811F-3E54CB2506FC}.Debug|Any CPU.ActiveCfg = Debug|Any CPU
		{AFFB78EF-DBC4-4A21-811F-3E54CB2506FC}.Debug|Any CPU.Build.0 = Debug|Any CPU
		{AFFB78EF-DBC4-4A21-811F-3E54CB2506FC}.Release|Any CPU.ActiveCfg = Release|Any CPU
		{AFFB78EF-DBC4-4A21-811F-3E54CB2506FC}.Release|Any CPU.Build.0 = Release|Any CPU
		{4080875B-6FCC-4B4C-B7A2-C12AB9393861}.Debug|Any CPU.ActiveCfg = Debug|Any CPU
		{4080875B-6FCC-4B4C-B7A2-C12AB9393861}.Debug|Any CPU.Build.0 = Debug|Any CPU
		{4080875B-6FCC-4B4C-B7A2-C12AB9393861}.Release|Any CPU.ActiveCfg = Release|Any CPU
		{4080875B-6FCC-4B4C-B7A2-C12AB9393861}.Release|Any CPU.Build.0 = Release|Any CPU
		{7233A924-5B14-4870-9E47-D5903650BAE4}.Debug|Any CPU.ActiveCfg = Debug|Any CPU
		{7233A924-5B14-4870-9E47-D5903650BAE4}.Debug|Any CPU.Build.0 = Debug|Any CPU
		{7233A924-5B14-4870-9E47-D5903650BAE4}.Release|Any CPU.ActiveCfg = Release|Any CPU
		{7233A924-5B14-4870-9E47-D5903650BAE4}.Release|Any CPU.Build.0 = Release|Any CPU
	EndGlobalSection
	GlobalSection(SolutionProperties) = preSolution
		HideSolutionNode = FALSE
	EndGlobalSection
	GlobalSection(ExtensibilityGlobals) = postSolution
		SolutionGuid = {BACA79AE-878D-4B0D-8166-6889AAF3DAF6}
	EndGlobalSection
EndGlobal
